// !$*UTF8*$!
{
	archiveVersion = 1;
	classes = {
	};
	objectVersion = 48;
	objects = {

/* Begin PBXBuildFile section */
		D13709681F74261200F3B216 /* AppDelegate.swift in Sources */ = {isa = PBXBuildFile; fileRef = D13709671F74261200F3B216 /* AppDelegate.swift */; };
		D137096A1F74261200F3B216 /* ViewController.swift in Sources */ = {isa = PBXBuildFile; fileRef = D13709691F74261200F3B216 /* ViewController.swift */; };
		D137096D1F74261200F3B216 /* Main.storyboard in Resources */ = {isa = PBXBuildFile; fileRef = D137096B1F74261200F3B216 /* Main.storyboard */; };
		D137096F1F74261200F3B216 /* Assets.xcassets in Resources */ = {isa = PBXBuildFile; fileRef = D137096E1F74261200F3B216 /* Assets.xcassets */; };
		D13709721F74261200F3B216 /* LaunchScreen.storyboard in Resources */ = {isa = PBXBuildFile; fileRef = D13709701F74261200F3B216 /* LaunchScreen.storyboard */; };
		D137097D1F74261200F3B216 /* AjudaTests.swift in Sources */ = {isa = PBXBuildFile; fileRef = D137097C1F74261200F3B216 /* AjudaTests.swift */; };
		D13709881F74261200F3B216 /* AjudaUITests.swift in Sources */ = {isa = PBXBuildFile; fileRef = D13709871F74261200F3B216 /* AjudaUITests.swift */; };
		D13709971F74284A00F3B216 /* JUWCollectionCenter.swift in Sources */ = {isa = PBXBuildFile; fileRef = D13709961F74284A00F3B216 /* JUWCollectionCenter.swift */; };
		D13709991F74286200F3B216 /* JUWDamagedBuilding.swift in Sources */ = {isa = PBXBuildFile; fileRef = D13709981F74286200F3B216 /* JUWDamagedBuilding.swift */; };
		D137099B1F74287A00F3B216 /* JUWShelter.swift in Sources */ = {isa = PBXBuildFile; fileRef = D137099A1F74287A00F3B216 /* JUWShelter.swift */; };
		D137099D1F7428B100F3B216 /* JUWBiker.swift in Sources */ = {isa = PBXBuildFile; fileRef = D137099C1F7428B100F3B216 /* JUWBiker.swift */; };
		D137099F1F7428D800F3B216 /* JUWMotorizedCar.swift in Sources */ = {isa = PBXBuildFile; fileRef = D137099E1F7428D800F3B216 /* JUWMotorizedCar.swift */; };
		D13709A11F742B5A00F3B216 /* JUWFoundPerson.swift in Sources */ = {isa = PBXBuildFile; fileRef = D13709A01F742B5A00F3B216 /* JUWFoundPerson.swift */; };
		D13709A31F74325E00F3B216 /* JUWUser.swift in Sources */ = {isa = PBXBuildFile; fileRef = D13709A21F74325E00F3B216 /* JUWUser.swift */; };
		D13709A51F74328500F3B216 /* JUWSession.swift in Sources */ = {isa = PBXBuildFile; fileRef = D13709A41F74328500F3B216 /* JUWSession.swift */; };
		D13709A81F74336900F3B216 /* JUWAuthenticationViewController.swift in Sources */ = {isa = PBXBuildFile; fileRef = D13709A71F74336900F3B216 /* JUWAuthenticationViewController.swift */; };
/* End PBXBuildFile section */

/* Begin PBXContainerItemProxy section */
		D13709791F74261200F3B216 /* PBXContainerItemProxy */ = {
			isa = PBXContainerItemProxy;
			containerPortal = D137095C1F74261200F3B216 /* Project object */;
			proxyType = 1;
			remoteGlobalIDString = D13709631F74261200F3B216;
			remoteInfo = Ajuda;
		};
		D13709841F74261200F3B216 /* PBXContainerItemProxy */ = {
			isa = PBXContainerItemProxy;
			containerPortal = D137095C1F74261200F3B216 /* Project object */;
			proxyType = 1;
			remoteGlobalIDString = D13709631F74261200F3B216;
			remoteInfo = Ajuda;
		};
/* End PBXContainerItemProxy section */

/* Begin PBXFileReference section */
		D13709641F74261200F3B216 /* Ajuda.app */ = {isa = PBXFileReference; explicitFileType = wrapper.application; includeInIndex = 0; path = Ajuda.app; sourceTree = BUILT_PRODUCTS_DIR; };
		D13709671F74261200F3B216 /* AppDelegate.swift */ = {isa = PBXFileReference; lastKnownFileType = sourcecode.swift; path = AppDelegate.swift; sourceTree = "<group>"; };
		D13709691F74261200F3B216 /* ViewController.swift */ = {isa = PBXFileReference; lastKnownFileType = sourcecode.swift; path = ViewController.swift; sourceTree = "<group>"; };
		D137096C1F74261200F3B216 /* Base */ = {isa = PBXFileReference; lastKnownFileType = file.storyboard; name = Base; path = Base.lproj/Main.storyboard; sourceTree = "<group>"; };
		D137096E1F74261200F3B216 /* Assets.xcassets */ = {isa = PBXFileReference; lastKnownFileType = folder.assetcatalog; path = Assets.xcassets; sourceTree = "<group>"; };
		D13709711F74261200F3B216 /* Base */ = {isa = PBXFileReference; lastKnownFileType = file.storyboard; name = Base; path = Base.lproj/LaunchScreen.storyboard; sourceTree = "<group>"; };
		D13709731F74261200F3B216 /* Info.plist */ = {isa = PBXFileReference; lastKnownFileType = text.plist.xml; path = Info.plist; sourceTree = "<group>"; };
		D13709781F74261200F3B216 /* AjudaTests.xctest */ = {isa = PBXFileReference; explicitFileType = wrapper.cfbundle; includeInIndex = 0; path = AjudaTests.xctest; sourceTree = BUILT_PRODUCTS_DIR; };
		D137097C1F74261200F3B216 /* AjudaTests.swift */ = {isa = PBXFileReference; lastKnownFileType = sourcecode.swift; path = AjudaTests.swift; sourceTree = "<group>"; };
		D137097E1F74261200F3B216 /* Info.plist */ = {isa = PBXFileReference; lastKnownFileType = text.plist.xml; path = Info.plist; sourceTree = "<group>"; };
		D13709831F74261200F3B216 /* AjudaUITests.xctest */ = {isa = PBXFileReference; explicitFileType = wrapper.cfbundle; includeInIndex = 0; path = AjudaUITests.xctest; sourceTree = BUILT_PRODUCTS_DIR; };
		D13709871F74261200F3B216 /* AjudaUITests.swift */ = {isa = PBXFileReference; lastKnownFileType = sourcecode.swift; path = AjudaUITests.swift; sourceTree = "<group>"; };
		D13709891F74261200F3B216 /* Info.plist */ = {isa = PBXFileReference; lastKnownFileType = text.plist.xml; path = Info.plist; sourceTree = "<group>"; };
		D13709961F74284A00F3B216 /* JUWCollectionCenter.swift */ = {isa = PBXFileReference; lastKnownFileType = sourcecode.swift; path = JUWCollectionCenter.swift; sourceTree = "<group>"; };
		D13709981F74286200F3B216 /* JUWDamagedBuilding.swift */ = {isa = PBXFileReference; lastKnownFileType = sourcecode.swift; path = JUWDamagedBuilding.swift; sourceTree = "<group>"; };
		D137099A1F74287A00F3B216 /* JUWShelter.swift */ = {isa = PBXFileReference; lastKnownFileType = sourcecode.swift; path = JUWShelter.swift; sourceTree = "<group>"; };
		D137099C1F7428B100F3B216 /* JUWBiker.swift */ = {isa = PBXFileReference; lastKnownFileType = sourcecode.swift; path = JUWBiker.swift; sourceTree = "<group>"; };
		D137099E1F7428D800F3B216 /* JUWMotorizedCar.swift */ = {isa = PBXFileReference; lastKnownFileType = sourcecode.swift; path = JUWMotorizedCar.swift; sourceTree = "<group>"; };
		D13709A01F742B5A00F3B216 /* JUWFoundPerson.swift */ = {isa = PBXFileReference; lastKnownFileType = sourcecode.swift; path = JUWFoundPerson.swift; sourceTree = "<group>"; };
		D13709A21F74325E00F3B216 /* JUWUser.swift */ = {isa = PBXFileReference; lastKnownFileType = sourcecode.swift; path = JUWUser.swift; sourceTree = "<group>"; };
		D13709A41F74328500F3B216 /* JUWSession.swift */ = {isa = PBXFileReference; lastKnownFileType = sourcecode.swift; path = JUWSession.swift; sourceTree = "<group>"; };
		D13709A71F74336900F3B216 /* JUWAuthenticationViewController.swift */ = {isa = PBXFileReference; lastKnownFileType = sourcecode.swift; path = JUWAuthenticationViewController.swift; sourceTree = "<group>"; };
/* End PBXFileReference section */

/* Begin PBXFrameworksBuildPhase section */
		D13709611F74261200F3B216 /* Frameworks */ = {
			isa = PBXFrameworksBuildPhase;
			buildActionMask = 2147483647;
			files = (
			);
			runOnlyForDeploymentPostprocessing = 0;
		};
		D13709751F74261200F3B216 /* Frameworks */ = {
			isa = PBXFrameworksBuildPhase;
			buildActionMask = 2147483647;
			files = (
			);
			runOnlyForDeploymentPostprocessing = 0;
		};
		D13709801F74261200F3B216 /* Frameworks */ = {
			isa = PBXFrameworksBuildPhase;
			buildActionMask = 2147483647;
			files = (
			);
			runOnlyForDeploymentPostprocessing = 0;
		};
/* End PBXFrameworksBuildPhase section */

/* Begin PBXGroup section */
		D137095B1F74261200F3B216 = {
			isa = PBXGroup;
			children = (
				D13709661F74261200F3B216 /* Ajuda */,
				D137097B1F74261200F3B216 /* AjudaTests */,
				D13709861F74261200F3B216 /* AjudaUITests */,
				D13709651F74261200F3B216 /* Products */,
			);
			sourceTree = "<group>";
		};
		D13709651F74261200F3B216 /* Products */ = {
			isa = PBXGroup;
			children = (
				D13709641F74261200F3B216 /* Ajuda.app */,
				D13709781F74261200F3B216 /* AjudaTests.xctest */,
				D13709831F74261200F3B216 /* AjudaUITests.xctest */,
			);
			name = Products;
			sourceTree = "<group>";
		};
		D13709661F74261200F3B216 /* Ajuda */ = {
			isa = PBXGroup;
			children = (
				D13709A61F74334800F3B216 /* VC */,
				D13709951F74281F00F3B216 /* Model */,
				D13709671F74261200F3B216 /* AppDelegate.swift */,
				D13709691F74261200F3B216 /* ViewController.swift */,
				D137096B1F74261200F3B216 /* Main.storyboard */,
				D137096E1F74261200F3B216 /* Assets.xcassets */,
				D13709701F74261200F3B216 /* LaunchScreen.storyboard */,
				D13709731F74261200F3B216 /* Info.plist */,
			);
			path = Ajuda;
			sourceTree = "<group>";
		};
		D137097B1F74261200F3B216 /* AjudaTests */ = {
			isa = PBXGroup;
			children = (
				D137097C1F74261200F3B216 /* AjudaTests.swift */,
				D137097E1F74261200F3B216 /* Info.plist */,
			);
			path = AjudaTests;
			sourceTree = "<group>";
		};
		D13709861F74261200F3B216 /* AjudaUITests */ = {
			isa = PBXGroup;
			children = (
				D13709871F74261200F3B216 /* AjudaUITests.swift */,
				D13709891F74261200F3B216 /* Info.plist */,
			);
			path = AjudaUITests;
			sourceTree = "<group>";
		};
		D13709951F74281F00F3B216 /* Model */ = {
			isa = PBXGroup;
			children = (
				D13709961F74284A00F3B216 /* JUWCollectionCenter.swift */,
				D13709981F74286200F3B216 /* JUWDamagedBuilding.swift */,
				D137099A1F74287A00F3B216 /* JUWShelter.swift */,
				D137099C1F7428B100F3B216 /* JUWBiker.swift */,
				D137099E1F7428D800F3B216 /* JUWMotorizedCar.swift */,
				D13709A01F742B5A00F3B216 /* JUWFoundPerson.swift */,
				D13709A21F74325E00F3B216 /* JUWUser.swift */,
				D13709A41F74328500F3B216 /* JUWSession.swift */,
			);
			path = Model;
			sourceTree = "<group>";
		};
		D13709A61F74334800F3B216 /* VC */ = {
			isa = PBXGroup;
			children = (
				D13709A71F74336900F3B216 /* JUWAuthenticationViewController.swift */,
			);
			path = VC;
			sourceTree = "<group>";
		};
/* End PBXGroup section */

/* Begin PBXNativeTarget section */
		D13709631F74261200F3B216 /* Ajuda */ = {
			isa = PBXNativeTarget;
			buildConfigurationList = D137098C1F74261200F3B216 /* Build configuration list for PBXNativeTarget "Ajuda" */;
			buildPhases = (
				D13709601F74261200F3B216 /* Sources */,
				D13709611F74261200F3B216 /* Frameworks */,
				D13709621F74261200F3B216 /* Resources */,
			);
			buildRules = (
			);
			dependencies = (
			);
			name = Ajuda;
			productName = Ajuda;
			productReference = D13709641F74261200F3B216 /* Ajuda.app */;
			productType = "com.apple.product-type.application";
		};
		D13709771F74261200F3B216 /* AjudaTests */ = {
			isa = PBXNativeTarget;
			buildConfigurationList = D137098F1F74261200F3B216 /* Build configuration list for PBXNativeTarget "AjudaTests" */;
			buildPhases = (
				D13709741F74261200F3B216 /* Sources */,
				D13709751F74261200F3B216 /* Frameworks */,
				D13709761F74261200F3B216 /* Resources */,
			);
			buildRules = (
			);
			dependencies = (
				D137097A1F74261200F3B216 /* PBXTargetDependency */,
			);
			name = AjudaTests;
			productName = AjudaTests;
			productReference = D13709781F74261200F3B216 /* AjudaTests.xctest */;
			productType = "com.apple.product-type.bundle.unit-test";
		};
		D13709821F74261200F3B216 /* AjudaUITests */ = {
			isa = PBXNativeTarget;
			buildConfigurationList = D13709921F74261200F3B216 /* Build configuration list for PBXNativeTarget "AjudaUITests" */;
			buildPhases = (
				D137097F1F74261200F3B216 /* Sources */,
				D13709801F74261200F3B216 /* Frameworks */,
				D13709811F74261200F3B216 /* Resources */,
			);
			buildRules = (
			);
			dependencies = (
				D13709851F74261200F3B216 /* PBXTargetDependency */,
			);
			name = AjudaUITests;
			productName = AjudaUITests;
			productReference = D13709831F74261200F3B216 /* AjudaUITests.xctest */;
			productType = "com.apple.product-type.bundle.ui-testing";
		};
/* End PBXNativeTarget section */

/* Begin PBXProject section */
		D137095C1F74261200F3B216 /* Project object */ = {
			isa = PBXProject;
			attributes = {
				LastSwiftUpdateCheck = 0900;
				LastUpgradeCheck = 0900;
				ORGANIZATIONNAME = "Juwe Takeheshi";
				TargetAttributes = {
					D13709631F74261200F3B216 = {
						CreatedOnToolsVersion = 9.0;
						ProvisioningStyle = Automatic;
					};
					D13709771F74261200F3B216 = {
						CreatedOnToolsVersion = 9.0;
						ProvisioningStyle = Automatic;
						TestTargetID = D13709631F74261200F3B216;
					};
					D13709821F74261200F3B216 = {
						CreatedOnToolsVersion = 9.0;
						ProvisioningStyle = Automatic;
						TestTargetID = D13709631F74261200F3B216;
					};
				};
			};
			buildConfigurationList = D137095F1F74261200F3B216 /* Build configuration list for PBXProject "Ajuda" */;
			compatibilityVersion = "Xcode 8.0";
			developmentRegion = en;
			hasScannedForEncodings = 0;
			knownRegions = (
				en,
				Base,
			);
			mainGroup = D137095B1F74261200F3B216;
			productRefGroup = D13709651F74261200F3B216 /* Products */;
			projectDirPath = "";
			projectRoot = "";
			targets = (
				D13709631F74261200F3B216 /* Ajuda */,
				D13709771F74261200F3B216 /* AjudaTests */,
				D13709821F74261200F3B216 /* AjudaUITests */,
			);
		};
/* End PBXProject section */

/* Begin PBXResourcesBuildPhase section */
		D13709621F74261200F3B216 /* Resources */ = {
			isa = PBXResourcesBuildPhase;
			buildActionMask = 2147483647;
			files = (
				D13709721F74261200F3B216 /* LaunchScreen.storyboard in Resources */,
				D137096F1F74261200F3B216 /* Assets.xcassets in Resources */,
				D137096D1F74261200F3B216 /* Main.storyboard in Resources */,
			);
			runOnlyForDeploymentPostprocessing = 0;
		};
		D13709761F74261200F3B216 /* Resources */ = {
			isa = PBXResourcesBuildPhase;
			buildActionMask = 2147483647;
			files = (
			);
			runOnlyForDeploymentPostprocessing = 0;
		};
		D13709811F74261200F3B216 /* Resources */ = {
			isa = PBXResourcesBuildPhase;
			buildActionMask = 2147483647;
			files = (
			);
			runOnlyForDeploymentPostprocessing = 0;
		};
/* End PBXResourcesBuildPhase section */

/* Begin PBXSourcesBuildPhase section */
		D13709601F74261200F3B216 /* Sources */ = {
			isa = PBXSourcesBuildPhase;
			buildActionMask = 2147483647;
			files = (
				D13709A11F742B5A00F3B216 /* JUWFoundPerson.swift in Sources */,
				D137096A1F74261200F3B216 /* ViewController.swift in Sources */,
				D137099F1F7428D800F3B216 /* JUWMotorizedCar.swift in Sources */,
				D137099B1F74287A00F3B216 /* JUWShelter.swift in Sources */,
				D137099D1F7428B100F3B216 /* JUWBiker.swift in Sources */,
				D13709A51F74328500F3B216 /* JUWSession.swift in Sources */,
				D13709A81F74336900F3B216 /* JUWAuthenticationViewController.swift in Sources */,
				D13709A31F74325E00F3B216 /* JUWUser.swift in Sources */,
				D13709971F74284A00F3B216 /* JUWCollectionCenter.swift in Sources */,
				D13709991F74286200F3B216 /* JUWDamagedBuilding.swift in Sources */,
				D13709681F74261200F3B216 /* AppDelegate.swift in Sources */,
			);
			runOnlyForDeploymentPostprocessing = 0;
		};
		D13709741F74261200F3B216 /* Sources */ = {
			isa = PBXSourcesBuildPhase;
			buildActionMask = 2147483647;
			files = (
				D137097D1F74261200F3B216 /* AjudaTests.swift in Sources */,
			);
			runOnlyForDeploymentPostprocessing = 0;
		};
		D137097F1F74261200F3B216 /* Sources */ = {
			isa = PBXSourcesBuildPhase;
			buildActionMask = 2147483647;
			files = (
				D13709881F74261200F3B216 /* AjudaUITests.swift in Sources */,
			);
			runOnlyForDeploymentPostprocessing = 0;
		};
/* End PBXSourcesBuildPhase section */

/* Begin PBXTargetDependency section */
		D137097A1F74261200F3B216 /* PBXTargetDependency */ = {
			isa = PBXTargetDependency;
			target = D13709631F74261200F3B216 /* Ajuda */;
			targetProxy = D13709791F74261200F3B216 /* PBXContainerItemProxy */;
		};
		D13709851F74261200F3B216 /* PBXTargetDependency */ = {
			isa = PBXTargetDependency;
			target = D13709631F74261200F3B216 /* Ajuda */;
			targetProxy = D13709841F74261200F3B216 /* PBXContainerItemProxy */;
		};
/* End PBXTargetDependency section */

/* Begin PBXVariantGroup section */
		D137096B1F74261200F3B216 /* Main.storyboard */ = {
			isa = PBXVariantGroup;
			children = (
				D137096C1F74261200F3B216 /* Base */,
			);
			name = Main.storyboard;
			sourceTree = "<group>";
		};
		D13709701F74261200F3B216 /* LaunchScreen.storyboard */ = {
			isa = PBXVariantGroup;
			children = (
				D13709711F74261200F3B216 /* Base */,
			);
			name = LaunchScreen.storyboard;
			sourceTree = "<group>";
		};
/* End PBXVariantGroup section */

/* Begin XCBuildConfiguration section */
		D137098A1F74261200F3B216 /* Debug */ = {
			isa = XCBuildConfiguration;
			buildSettings = {
				ALWAYS_SEARCH_USER_PATHS = NO;
				CLANG_ANALYZER_NONNULL = YES;
				CLANG_ANALYZER_NUMBER_OBJECT_CONVERSION = YES_AGGRESSIVE;
				CLANG_CXX_LANGUAGE_STANDARD = "gnu++14";
				CLANG_CXX_LIBRARY = "libc++";
				CLANG_ENABLE_MODULES = YES;
				CLANG_ENABLE_OBJC_ARC = YES;
				CLANG_WARN_BLOCK_CAPTURE_AUTORELEASING = YES;
				CLANG_WARN_BOOL_CONVERSION = YES;
				CLANG_WARN_COMMA = YES;
				CLANG_WARN_CONSTANT_CONVERSION = YES;
				CLANG_WARN_DIRECT_OBJC_ISA_USAGE = YES_ERROR;
				CLANG_WARN_DOCUMENTATION_COMMENTS = YES;
				CLANG_WARN_EMPTY_BODY = YES;
				CLANG_WARN_ENUM_CONVERSION = YES;
				CLANG_WARN_INFINITE_RECURSION = YES;
				CLANG_WARN_INT_CONVERSION = YES;
				CLANG_WARN_NON_LITERAL_NULL_CONVERSION = YES;
				CLANG_WARN_OBJC_LITERAL_CONVERSION = YES;
				CLANG_WARN_OBJC_ROOT_CLASS = YES_ERROR;
				CLANG_WARN_RANGE_LOOP_ANALYSIS = YES;
				CLANG_WARN_STRICT_PROTOTYPES = YES;
				CLANG_WARN_SUSPICIOUS_MOVE = YES;
				CLANG_WARN_UNGUARDED_AVAILABILITY = YES_AGGRESSIVE;
				CLANG_WARN_UNREACHABLE_CODE = YES;
				CLANG_WARN__DUPLICATE_METHOD_MATCH = YES;
				CODE_SIGN_IDENTITY = "iPhone Developer";
				COPY_PHASE_STRIP = NO;
				DEBUG_INFORMATION_FORMAT = dwarf;
				ENABLE_STRICT_OBJC_MSGSEND = YES;
				ENABLE_TESTABILITY = YES;
				GCC_C_LANGUAGE_STANDARD = gnu11;
				GCC_DYNAMIC_NO_PIC = NO;
				GCC_NO_COMMON_BLOCKS = YES;
				GCC_OPTIMIZATION_LEVEL = 0;
				GCC_PREPROCESSOR_DEFINITIONS = (
					"DEBUG=1",
					"$(inherited)",
				);
				GCC_WARN_64_TO_32_BIT_CONVERSION = YES;
				GCC_WARN_ABOUT_RETURN_TYPE = YES_ERROR;
				GCC_WARN_UNDECLARED_SELECTOR = YES;
				GCC_WARN_UNINITIALIZED_AUTOS = YES_AGGRESSIVE;
				GCC_WARN_UNUSED_FUNCTION = YES;
				GCC_WARN_UNUSED_VARIABLE = YES;
				IPHONEOS_DEPLOYMENT_TARGET = 11.0;
				MTL_ENABLE_DEBUG_INFO = YES;
				ONLY_ACTIVE_ARCH = YES;
				SDKROOT = iphoneos;
				SWIFT_ACTIVE_COMPILATION_CONDITIONS = DEBUG;
				SWIFT_OPTIMIZATION_LEVEL = "-Onone";
			};
			name = Debug;
		};
		D137098B1F74261200F3B216 /* Release */ = {
			isa = XCBuildConfiguration;
			buildSettings = {
				ALWAYS_SEARCH_USER_PATHS = NO;
				CLANG_ANALYZER_NONNULL = YES;
				CLANG_ANALYZER_NUMBER_OBJECT_CONVERSION = YES_AGGRESSIVE;
				CLANG_CXX_LANGUAGE_STANDARD = "gnu++14";
				CLANG_CXX_LIBRARY = "libc++";
				CLANG_ENABLE_MODULES = YES;
				CLANG_ENABLE_OBJC_ARC = YES;
				CLANG_WARN_BLOCK_CAPTURE_AUTORELEASING = YES;
				CLANG_WARN_BOOL_CONVERSION = YES;
				CLANG_WARN_COMMA = YES;
				CLANG_WARN_CONSTANT_CONVERSION = YES;
				CLANG_WARN_DIRECT_OBJC_ISA_USAGE = YES_ERROR;
				CLANG_WARN_DOCUMENTATION_COMMENTS = YES;
				CLANG_WARN_EMPTY_BODY = YES;
				CLANG_WARN_ENUM_CONVERSION = YES;
				CLANG_WARN_INFINITE_RECURSION = YES;
				CLANG_WARN_INT_CONVERSION = YES;
				CLANG_WARN_NON_LITERAL_NULL_CONVERSION = YES;
				CLANG_WARN_OBJC_LITERAL_CONVERSION = YES;
				CLANG_WARN_OBJC_ROOT_CLASS = YES_ERROR;
				CLANG_WARN_RANGE_LOOP_ANALYSIS = YES;
				CLANG_WARN_STRICT_PROTOTYPES = YES;
				CLANG_WARN_SUSPICIOUS_MOVE = YES;
				CLANG_WARN_UNGUARDED_AVAILABILITY = YES_AGGRESSIVE;
				CLANG_WARN_UNREACHABLE_CODE = YES;
				CLANG_WARN__DUPLICATE_METHOD_MATCH = YES;
				CODE_SIGN_IDENTITY = "iPhone Developer";
				COPY_PHASE_STRIP = NO;
				DEBUG_INFORMATION_FORMAT = "dwarf-with-dsym";
				ENABLE_NS_ASSERTIONS = NO;
				ENABLE_STRICT_OBJC_MSGSEND = YES;
				GCC_C_LANGUAGE_STANDARD = gnu11;
				GCC_NO_COMMON_BLOCKS = YES;
				GCC_WARN_64_TO_32_BIT_CONVERSION = YES;
				GCC_WARN_ABOUT_RETURN_TYPE = YES_ERROR;
				GCC_WARN_UNDECLARED_SELECTOR = YES;
				GCC_WARN_UNINITIALIZED_AUTOS = YES_AGGRESSIVE;
				GCC_WARN_UNUSED_FUNCTION = YES;
				GCC_WARN_UNUSED_VARIABLE = YES;
				IPHONEOS_DEPLOYMENT_TARGET = 11.0;
				MTL_ENABLE_DEBUG_INFO = NO;
				SDKROOT = iphoneos;
				SWIFT_OPTIMIZATION_LEVEL = "-Owholemodule";
				VALIDATE_PRODUCT = YES;
			};
			name = Release;
		};
		D137098D1F74261200F3B216 /* Debug */ = {
			isa = XCBuildConfiguration;
			buildSettings = {
				ASSETCATALOG_COMPILER_APPICON_NAME = AppIcon;
				CODE_SIGN_STYLE = Automatic;
				DEVELOPMENT_TEAM = M83HJ6VTJG;
				INFOPLIST_FILE = Ajuda/Info.plist;
				IPHONEOS_DEPLOYMENT_TARGET = 8.0;
				LD_RUNPATH_SEARCH_PATHS = "$(inherited) @executable_path/Frameworks";
				PRODUCT_BUNDLE_IDENTIFIER = JUW.Ajuda;
				PRODUCT_NAME = "$(TARGET_NAME)";
				SWIFT_VERSION = 4.0;
				TARGETED_DEVICE_FAMILY = "1,2";
			};
			name = Debug;
		};
		D137098E1F74261200F3B216 /* Release */ = {
			isa = XCBuildConfiguration;
			buildSettings = {
				ASSETCATALOG_COMPILER_APPICON_NAME = AppIcon;
				CODE_SIGN_STYLE = Automatic;
				DEVELOPMENT_TEAM = M83HJ6VTJG;
				INFOPLIST_FILE = Ajuda/Info.plist;
				IPHONEOS_DEPLOYMENT_TARGET = 8.0;
				LD_RUNPATH_SEARCH_PATHS = "$(inherited) @executable_path/Frameworks";
				PRODUCT_BUNDLE_IDENTIFIER = JUW.Ajuda;
				PRODUCT_NAME = "$(TARGET_NAME)";
				SWIFT_VERSION = 4.0;
				TARGETED_DEVICE_FAMILY = "1,2";
			};
			name = Release;
		};
		D13709901F74261200F3B216 /* Debug */ = {
			isa = XCBuildConfiguration;
			buildSettings = {
				ALWAYS_EMBED_SWIFT_STANDARD_LIBRARIES = YES;
				BUNDLE_LOADER = "$(TEST_HOST)";
				CODE_SIGN_STYLE = Automatic;
				INFOPLIST_FILE = AjudaTests/Info.plist;
				LD_RUNPATH_SEARCH_PATHS = "$(inherited) @executable_path/Frameworks @loader_path/Frameworks";
				PRODUCT_BUNDLE_IDENTIFIER = JUW.AjudaTests;
				PRODUCT_NAME = "$(TARGET_NAME)";
				SWIFT_VERSION = 4.0;
				TARGETED_DEVICE_FAMILY = "1,2";
				TEST_HOST = "$(BUILT_PRODUCTS_DIR)/Ajuda.app/Ajuda";
			};
			name = Debug;
		};
		D13709911F74261200F3B216 /* Release */ = {
			isa = XCBuildConfiguration;
			buildSettings = {
				ALWAYS_EMBED_SWIFT_STANDARD_LIBRARIES = YES;
				BUNDLE_LOADER = "$(TEST_HOST)";
				CODE_SIGN_STYLE = Automatic;
				INFOPLIST_FILE = AjudaTests/Info.plist;
				LD_RUNPATH_SEARCH_PATHS = "$(inherited) @executable_path/Frameworks @loader_path/Frameworks";
				PRODUCT_BUNDLE_IDENTIFIER = JUW.AjudaTests;
				PRODUCT_NAME = "$(TARGET_NAME)";
				SWIFT_VERSION = 4.0;
				TARGETED_DEVICE_FAMILY = "1,2";
				TEST_HOST = "$(BUILT_PRODUCTS_DIR)/Ajuda.app/Ajuda";
			};
			name = Release;
		};
		D13709931F74261200F3B216 /* Debug */ = {
			isa = XCBuildConfiguration;
			buildSettings = {
				ALWAYS_EMBED_SWIFT_STANDARD_LIBRARIES = YES;
				CODE_SIGN_STYLE = Automatic;
				INFOPLIST_FILE = AjudaUITests/Info.plist;
				LD_RUNPATH_SEARCH_PATHS = "$(inherited) @executable_path/Frameworks @loader_path/Frameworks";
				PRODUCT_BUNDLE_IDENTIFIER = JUW.AjudaUITests;
				PRODUCT_NAME = "$(TARGET_NAME)";
				SWIFT_VERSION = 4.0;
				TARGETED_DEVICE_FAMILY = "1,2";
				TEST_TARGET_NAME = Ajuda;
			};
			name = Debug;
		};
		D13709941F74261200F3B216 /* Release */ = {
			isa = XCBuildConfiguration;
			buildSettings = {
				ALWAYS_EMBED_SWIFT_STANDARD_LIBRARIES = YES;
				CODE_SIGN_STYLE = Automatic;
				INFOPLIST_FILE = AjudaUITests/Info.plist;
				LD_RUNPATH_SEARCH_PATHS = "$(inherited) @executable_path/Frameworks @loader_path/Frameworks";
				PRODUCT_BUNDLE_IDENTIFIER = JUW.AjudaUITests;
				PRODUCT_NAME = "$(TARGET_NAME)";
				SWIFT_VERSION = 4.0;
				TARGETED_DEVICE_FAMILY = "1,2";
				TEST_TARGET_NAME = Ajuda;
			};
			name = Release;
		};
/* End XCBuildConfiguration section */

/* Begin XCConfigurationList section */
		D137095F1F74261200F3B216 /* Build configuration list for PBXProject "Ajuda" */ = {
			isa = XCConfigurationList;
			buildConfigurations = (
				D137098A1F74261200F3B216 /* Debug */,
				D137098B1F74261200F3B216 /* Release */,
			);
			defaultConfigurationIsVisible = 0;
			defaultConfigurationName = Release;
		};
		D137098C1F74261200F3B216 /* Build configuration list for PBXNativeTarget "Ajuda" */ = {
			isa = XCConfigurationList;
			buildConfigurations = (
				D137098D1F74261200F3B216 /* Debug */,
				D137098E1F74261200F3B216 /* Release */,
			);
			defaultConfigurationIsVisible = 0;
			defaultConfigurationName = Release;
		};
		D137098F1F74261200F3B216 /* Build configuration list for PBXNativeTarget "AjudaTests" */ = {
			isa = XCConfigurationList;
			buildConfigurations = (
				D13709901F74261200F3B216 /* Debug */,
				D13709911F74261200F3B216 /* Release */,
			);
			defaultConfigurationIsVisible = 0;
			defaultConfigurationName = Release;
		};
		D13709921F74261200F3B216 /* Build configuration list for PBXNativeTarget "AjudaUITests" */ = {
			isa = XCConfigurationList;
			buildConfigurations = (
				D13709931F74261200F3B216 /* Debug */,
				D13709941F74261200F3B216 /* Release */,
			);
			defaultConfigurationIsVisible = 0;
			defaultConfigurationName = Release;
		};
/* End XCConfigurationList section */
	};
	rootObject = D137095C1F74261200F3B216 /* Project object */;
}
